# app<TAB>version<TAB>sha256<TAB>url - the pin, and the only thing the build reads.
#
# Deliberately whitespace-separated rather than TOML: the Containerfile reads
# it with `while read`, in a base image that has no Python. pin_apps.py is what
# rewrites it; nothing generates it during a build.
#
# Versions were the ones the NixOS instance served on 2026-09-16, and moved to
# the newest the Nextcloud 33 feed offered when the base went to 33.0.9. Moving
# any of them is an edit here and a commit - which is the point.
#
# The same three move on every major and nothing else does. groupfolders,
# impersonate and richdocuments pin `max-version` to the server they ship
# against, so each of them is stale the moment the base moves and `occ upgrade`
# would disable them and not re-enable them. The other six carry a version that
# satisfies 33 and 34 both, so the 34 bump left them alone.
#
# Fifteen of that instance's apps are deliberately absent, dropped in two
# passes after measuring what each one actually held.
#
# 2026-09-17, seven: forms, cospend and tables held data nobody had touched
# since 2023-2025; news, polls and files_retention had none and no
# configuration; onlyoffice was a second office suite with no document server
# configured at all, behind the Collabora that actually serves.
#
# 2026-09-18, eight more. integration_paperless and sociallogin were the
# onlyoffice shape again - installed, enabled, wired to nothing: paperless had
# no server URL or token, and sociallogin was fully configured with OAuth
# providers and had zero rows in oc_sociallogin_connect, so not one login ever
# came through it. whiteboard had a single .whiteboard file to show for a
# container, a podman secret and a slice of nextcloud-setup. collectives, deck
# and tasks lost to the Obsidian vault, which does the same job better: deck
# was 11 cards of which 6 were Nextcloud's own German sample data, duplicated
# across two boards both named "Persoenlich"; tasks was 29 VTODOs last touched
# 2025-08; collectives was 18 pages last edited 2025-11. All three were
# exported to Archive/Privat/Nextcloud-Export-2026-09-18 first.
#
# memories and spreed went the same day for the same kind of reason - the thing
# that justified them had quietly stopped. memories was set up deliberately in
# 2024, timelinePath pinned by hand to /SofortUpload, and the phone's instant
# upload stopped that year: zero camera photos since, while the indexer still
# walked 14775 files every cron tick, 8033 of them theresa's phone backup that
# the configured timeline does not even show. spreed held 179 chat messages of
# which 148 were its own changelog and sample bots; the last one-to-one message
# a human sent was in 2022. Photos are untouched by this - the bundled Photos
# app still browses them.
#
# Removing an app from this file only takes its code away - `occ app:disable`
# on the running instance, BEFORE the code goes, is what runs its uninstall
# steps. Their tables are still in the database.
#
# Every tarball unpacks to exactly one directory named for its app; the build
# checks that rather than trusting it.
calendar      6.5.4  67c777a6ea974409e9d228c23fc60f2be8e675d376531b6b1b125f2f0365738d https://github.com/nextcloud-releases/calendar/releases/download/v6.5.4/calendar-v6.5.4.tar.gz
contacts      8.9.0  06f5da48d70884cef60faaf8bb36a8b2ec22a7bcdb0aecf4970a693614562854 https://github.com/nextcloud-releases/contacts/releases/download/v8.9.0/contacts-v8.9.0.tar.gz
dav_push      1.0.2  39a7d4806e7cf8bb3189b4bff5a66388e91d41c055df8c44e9c98ef48907314a https://github.com/bitfireAT/nc_ext_dav_push/releases/download/v1.0.2/dav_push.tar.gz
groupfolders  22.0.6 bfff357b12bbd24257d8d127cf30e83a72256e7659f1cc3e32bd09fe647d2f9b https://github.com/nextcloud-releases/groupfolders/releases/download/v22.0.6/groupfolders-v22.0.6.tar.gz
impersonate   5.0.0  e9b85d6489434af2d05f1618839bcfd9859dbc6b7be580148592f511a448ed66 https://github.com/nextcloud-releases/impersonate/releases/download/v5.0.0/impersonate-v5.0.0.tar.gz
notes         6.1.0  03c493f45cb17a5005a0dce91c4e59b294ef91d4520c3ef44a21d5e61e419526 https://github.com/nextcloud-releases/notes/releases/download/v6.1.0/notes-v6.1.0.tar.gz
notify_push   1.4.1  0bfda35cba6e21bc6358ede431bde790b039efadae54bbb393560fcff6127e36 https://github.com/nextcloud-releases/notify_push/releases/download/v1.4.1/notify_push-v1.4.1.tar.gz
phonetrack    1.3.5  68a9f2fb216f0f123f760d715c8d2590a93b8a310ec2d91651f0ee19a8986f28 https://github.com/julien-nc/phonetrack/releases/download/v1.3.5/phonetrack-1.3.5.tar.gz
richdocuments 11.1.1 c4d55f1b1a64a0feaec40ec7a16622cf2e797881771e5e0595147ba84cc93747 https://github.com/nextcloud-releases/richdocuments/releases/download/v11.1.1/richdocuments-v11.1.1.tar.gz
